
Microsoft Visual Studio Solution File, Format Version 11.00
# Visual Studio 2010
Project("{FAE04EC0-301F-11D3-BF4B-00C04F79EFBC}") = "Unity.Timeline", "Unity.Timeline.csproj", "{c78f5127-0c3e-4a49-41bc-c3dfc453b5f3}"
EndProject
Project("{FAE04EC0-301F-11D3-BF4B-00C04F79EFBC}") = "Unity.RenderPipelines.GPUDriven.Runtime", "Unity.RenderPipelines.GPUDriven.Runtime.csproj", "{a118710e-756d-abc8-9ca7-11d80ffeb00d}"
EndProject
Project("{FAE04EC0-301F-11D3-BF4B-00C04F79EFBC}") = "Unity.PlasticSCM.Editor", "Unity.PlasticSCM.Editor.csproj", "{fe03f3d8-395e-e3cd-8270-f4f0ff2c87b9}"
EndProject
Project("{FAE04EC0-301F-11D3-BF4B-00C04F79EFBC}") = "Unity.ShaderGraph.Editor", "Unity.ShaderGraph.Editor.csproj", "{38404d18-1385-97fc-63e5-7f1263e2b189}"
EndProject
Project("{FAE04EC0-301F-11D3-BF4B-00C04F79EFBC}") = "Unity.RenderPipelines.Core.Runtime", "Unity.RenderPipelines.Core.Runtime.csproj", "{03a599cc-39a4-6864-5eb8-ed0ca42fe164}"
EndProject
Project("{FAE04EC0-301F-11D3-BF4B-00C04F79EFBC}") = "Unity.Mathematics", "Unity.Mathematics.csproj", "{c5aa3543-c4ac-19a6-e71c-857811014c2b}"
EndProject
Project("{FAE04EC0-301F-11D3-BF4B-00C04F79EFBC}") = "Unity.Timeline.Editor", "Unity.Timeline.Editor.csproj", "{3fe2a9e6-784b-491c-bfa8-a17f821b02ff}"
EndProject
Project("{FAE04EC0-301F-11D3-BF4B-00C04F79EFBC}") = "Unity.Multiplayer.Center.Editor", "Unity.Multiplayer.Center.Editor.csproj", "{9d0dd187-3192-e1c0-019e-fddcd5ce074d}"
EndProject
Project("{FAE04EC0-301F-11D3-BF4B-00C04F79EFBC}") = "Unity.RenderPipelines.Core.Editor", "Unity.RenderPipelines.Core.Editor.csproj", "{85db0790-5ba5-b526-57cd-4e3bc1a479ca}"
EndProject
Project("{FAE04EC0-301F-11D3-BF4B-00C04F79EFBC}") = "Unity.Collections", "Unity.Collections.csproj", "{dc1c84c4-6f19-a931-1f56-4088b02d7f6b}"
EndProject
Project("{FAE04EC0-301F-11D3-BF4B-00C04F79EFBC}") = "UnityEngine.UI", "UnityEngine.UI.csproj", "{2cfc3833-47cf-d563-35d2-89366a3e39b5}"
EndProject
Project("{FAE04EC0-301F-11D3-BF4B-00C04F79EFBC}") = "Unity.RenderPipelines.Universal.2D.Runtime", "Unity.RenderPipelines.Universal.2D.Runtime.csproj", "{e69a6131-9a78-10a5-78fb-75fdb2944088}"
EndProject
Project("{FAE04EC0-301F-11D3-BF4B-00C04F79EFBC}") = "Unity.VisualScripting.Core.Editor", "Unity.VisualScripting.Core.Editor.csproj", "{c96b2074-b02e-7e45-bd95-b5a3d1cf671f}"
EndProject
Project("{FAE04EC0-301F-11D3-BF4B-00C04F79EFBC}") = "Unity.RenderPipelines.Universal.Editor", "Unity.RenderPipelines.Universal.Editor.csproj", "{e766beee-b430-3f0c-dbd2-6ad65f534a59}"
EndProject
Project("{FAE04EC0-301F-11D3-BF4B-00C04F79EFBC}") = "Unity.PerformanceTesting.Editor", "Unity.PerformanceTesting.Editor.csproj", "{d0d8af5f-e243-512b-8ba9-c2903e1622d7}"
EndProject
Project("{FAE04EC0-301F-11D3-BF4B-00C04F79EFBC}") = "UnityEngine.TestRunner", "UnityEngine.TestRunner.csproj", "{9d5ac987-b737-2dbe-0ea1-f5eccd756694}"
EndProject
Project("{FAE04EC0-301F-11D3-BF4B-00C04F79EFBC}") = "Unity.Burst", "Unity.Burst.csproj", "{834304fa-31a3-4af5-8408-32bc6e66d0ee}"
EndProject
Project("{FAE04EC0-301F-11D3-BF4B-00C04F79EFBC}") = "Unity.VisualScripting.Flow.Editor", "Unity.VisualScripting.Flow.Editor.csproj", "{341185b5-4215-0369-189b-7e12840691e6}"
EndProject
Project("{FAE04EC0-301F-11D3-BF4B-00C04F79EFBC}") = "Unity.VisualStudio.Editor", "Unity.VisualStudio.Editor.csproj", "{8bf9e7bf-ec54-dca4-79b0-bbb46f829b19}"
EndProject
Project("{FAE04EC0-301F-11D3-BF4B-00C04F79EFBC}") = "Unity.InputSystem", "Unity.InputSystem.csproj", "{ff7620c1-532a-1a9f-5e24-02d94c97c631}"
EndProject
Project("{FAE04EC0-301F-11D3-BF4B-00C04F79EFBC}") = "Unity.Searcher.Editor", "Unity.Searcher.Editor.csproj", "{d506a641-fe23-0e7b-b04f-269a35d5b664}"
EndProject
Project("{FAE04EC0-301F-11D3-BF4B-00C04F79EFBC}") = "UnityEditor.TestRunner", "UnityEditor.TestRunner.csproj", "{e75f341f-9de9-be75-714f-ec714da4039a}"
EndProject
Project("{FAE04EC0-301F-11D3-BF4B-00C04F79EFBC}") = "Unity.VisualScripting.Core", "Unity.VisualScripting.Core.csproj", "{e323aa44-f25e-391d-9c3f-a0acc3f8a326}"
EndProject
Project("{FAE04EC0-301F-11D3-BF4B-00C04F79EFBC}") = "Unity.RenderPipelines.Universal.Runtime", "Unity.RenderPipelines.Universal.Runtime.csproj", "{42930c4c-cf66-d791-9fd3-1d8b8f34334d}"
EndProject
Project("{FAE04EC0-301F-11D3-BF4B-00C04F79EFBC}") = "Unity.UnifiedRayTracing.Runtime", "Unity.UnifiedRayTracing.Runtime.csproj", "{582f4cd3-7331-d635-6318-ea1a9756edd6}"
EndProject
Project("{FAE04EC0-301F-11D3-BF4B-00C04F79EFBC}") = "Unity.AI.Navigation.Editor.ConversionSystem", "Unity.AI.Navigation.Editor.ConversionSystem.csproj", "{d9d277c4-bd4f-3bde-1edb-68c1fb7066d0}"
EndProject
Project("{FAE04EC0-301F-11D3-BF4B-00C04F79EFBC}") = "Unity.VisualScripting.State.Editor", "Unity.VisualScripting.State.Editor.csproj", "{21510412-9e32-802e-9c97-ed4a68ed0dc6}"
EndProject
Project("{FAE04EC0-301F-11D3-BF4B-00C04F79EFBC}") = "Unity.Burst.CodeGen", "Unity.Burst.CodeGen.csproj", "{38c66d5c-cc70-53a1-f720-b04f0a450064}"
EndProject
Project("{FAE04EC0-301F-11D3-BF4B-00C04F79EFBC}") = "Unity.VisualScripting.Flow", "Unity.VisualScripting.Flow.csproj", "{ab8b6e0b-6c8a-2ab1-59b2-a9482b57060c}"
EndProject
Project("{FAE04EC0-301F-11D3-BF4B-00C04F79EFBC}") = "Unity.PerformanceTesting", "Unity.PerformanceTesting.csproj", "{85098568-1979-70c2-852c-4b07768c0a08}"
EndProject
Project("{FAE04EC0-301F-11D3-BF4B-00C04F79EFBC}") = "Unity.TextMeshPro", "Unity.TextMeshPro.csproj", "{5dc62d91-c3ca-d8bb-f32b-cfc413bf3f82}"
EndProject
Project("{FAE04EC0-301F-11D3-BF4B-00C04F79EFBC}") = "Unity.TextMeshPro.Editor", "Unity.TextMeshPro.Editor.csproj", "{749554f7-4968-3f86-e581-673969985e8f}"
EndProject
Project("{FAE04EC0-301F-11D3-BF4B-00C04F79EFBC}") = "Unity.Burst.Editor", "Unity.Burst.Editor.csproj", "{8336885c-10a3-a78c-9d6c-baef1e392dd3}"
EndProject
Project("{FAE04EC0-301F-11D3-BF4B-00C04F79EFBC}") = "Unity.Rider.Editor", "Unity.Rider.Editor.csproj", "{ff3fa226-1ba9-42b1-4568-11ac31427fbf}"
EndProject
Project("{FAE04EC0-301F-11D3-BF4B-00C04F79EFBC}") = "Unity.VisualScripting.State", "Unity.VisualScripting.State.csproj", "{81fe027c-68e7-f2e4-c7dd-bd6cbca82e91}"
EndProject
Project("{FAE04EC0-301F-11D3-BF4B-00C04F79EFBC}") = "Unity.AI.Navigation.Updater", "Unity.AI.Navigation.Updater.csproj", "{50cdad42-bc59-f9f0-6533-8176ed86b23e}"
EndProject
Project("{FAE04EC0-301F-11D3-BF4B-00C04F79EFBC}") = "UnityEditor.UI", "UnityEditor.UI.csproj", "{a99db278-3bcd-ab2f-cf3f-2003032e68ca}"
EndProject
Project("{FAE04EC0-301F-11D3-BF4B-00C04F79EFBC}") = "Unity.RenderPipelines.Universal.2D.Editor.Overrides", "Unity.RenderPipelines.Universal.2D.Editor.Overrides.csproj", "{740a4716-c79e-5c0c-79b2-8f9fb6b69dc8}"
EndProject
Project("{FAE04EC0-301F-11D3-BF4B-00C04F79EFBC}") = "Unity.AI.Navigation.Editor", "Unity.AI.Navigation.Editor.csproj", "{9091179a-5d9a-303c-02e3-9fee80ba5d2d}"
EndProject
Project("{FAE04EC0-301F-11D3-BF4B-00C04F79EFBC}") = "Unity.RenderPipelines.Core.Editor.Shared", "Unity.RenderPipelines.Core.Editor.Shared.csproj", "{3b89f6b0-4c2d-9d66-9330-a4abbc77f5b9}"
EndProject
Project("{FAE04EC0-301F-11D3-BF4B-00C04F79EFBC}") = "Unity.Multiplayer.Center.Common", "Unity.Multiplayer.Center.Common.csproj", "{08690f2c-7235-95f5-26ee-641439315b94}"
EndProject
Project("{FAE04EC0-301F-11D3-BF4B-00C04F79EFBC}") = "Unity.RenderPipelines.Core.Runtime.Shared", "Unity.RenderPipelines.Core.Runtime.Shared.csproj", "{d3de6efd-367e-3676-7012-4d8109665fd9}"
EndProject
Project("{FAE04EC0-301F-11D3-BF4B-00C04F79EFBC}") = "Unity.InputSystem.ForUI", "Unity.InputSystem.ForUI.csproj", "{247d7f29-1e03-c658-1156-bcd0defc9cdb}"
EndProject
Project("{FAE04EC0-301F-11D3-BF4B-00C04F79EFBC}") = "Unity.AI.Navigation", "Unity.AI.Navigation.csproj", "{0c0c8121-d48b-04b7-dc4f-948804387c55}"
EndProject
Project("{FAE04EC0-301F-11D3-BF4B-00C04F79EFBC}") = "Unity.Collections.CodeGen", "Unity.Collections.CodeGen.csproj", "{6babd390-731e-8c6d-2f54-dab8849009ce}"
EndProject
Project("{FAE04EC0-301F-11D3-BF4B-00C04F79EFBC}") = "Unity.Mathematics.Editor", "Unity.Mathematics.Editor.csproj", "{1400ee9b-4888-ca44-88de-f45a7310116a}"
EndProject
Project("{FAE04EC0-301F-11D3-BF4B-00C04F79EFBC}") = "Unity.VisualScripting.SettingsProvider.Editor", "Unity.VisualScripting.SettingsProvider.Editor.csproj", "{6fe4289b-fadc-8942-b1ba-0f45f111cffb}"
EndProject
Project("{FAE04EC0-301F-11D3-BF4B-00C04F79EFBC}") = "UnityEditor.UI.Analytics", "UnityEditor.UI.Analytics.csproj", "{faee0cf7-f4df-8142-0f97-9c74fb0b8be3}"
EndProject
Project("{FAE04EC0-301F-11D3-BF4B-00C04F79EFBC}") = "Unity.PathTracing.Runtime", "Unity.PathTracing.Runtime.csproj", "{85439bbe-4690-9a4c-3473-2d47017c55a1}"
EndProject
Project("{FAE04EC0-301F-11D3-BF4B-00C04F79EFBC}") = "Assembly-CSharp-Editor", "Assembly-CSharp-Editor.csproj", "{a16535b3-bb29-e6d4-8ef0-c962ad06e00c}"
EndProject
Project("{FAE04EC0-301F-11D3-BF4B-00C04F79EFBC}") = "Unity.PathTracing.Editor", "Unity.PathTracing.Editor.csproj", "{da4b11ef-2313-e2e7-80c7-63639041f57c}"
EndProject
Project("{FAE04EC0-301F-11D3-BF4B-00C04F79EFBC}") = "Unity.InputSystem.TestFramework", "Unity.InputSystem.TestFramework.csproj", "{e01d2244-fdcf-8f1f-1bcd-d7e65864de8f}"
EndProject
Project("{FAE04EC0-301F-11D3-BF4B-00C04F79EFBC}") = "Unity.ShaderGraph.Utilities", "Unity.ShaderGraph.Utilities.csproj", "{9edd9ac8-69ae-11e8-653b-1cdafef79e1a}"
EndProject
Project("{FAE04EC0-301F-11D3-BF4B-00C04F79EFBC}") = "Unity.VisualScripting.Shared.Editor", "Unity.VisualScripting.Shared.Editor.csproj", "{20c0b80e-b3c3-153e-6701-bf1a429e0744}"
EndProject
Project("{FAE04EC0-301F-11D3-BF4B-00C04F79EFBC}") = "Unity.SurfaceCache.Runtime", "Unity.SurfaceCache.Runtime.csproj", "{6002b135-c92b-aaf9-f2bf-c08918ad56c6}"
EndProject
Project("{FAE04EC0-301F-11D3-BF4B-00C04F79EFBC}") = "Unity.InternalAPIEngineBridge.RenderPipelines.Core.Runtime.Shared", "Unity.InternalAPIEngineBridge.RenderPipelines.Core.Runtime.Shared.csproj", "{d1ac34d2-7e95-8473-e07c-237dabe9e3a0}"
EndProject
Project("{FAE04EC0-301F-11D3-BF4B-00C04F79EFBC}") = "Unity.CollabProxy.Editor", "Unity.CollabProxy.Editor.csproj", "{603688cf-60f3-7fba-ec6d-033a2b2ca9d2}"
EndProject
Project("{FAE04EC0-301F-11D3-BF4B-00C04F79EFBC}") = "Unity.RenderPipeline.Universal.ShaderLibrary", "Unity.RenderPipeline.Universal.ShaderLibrary.csproj", "{ffd08f02-3e26-292f-7990-3db73fed8fc2}"
EndProject
Project("{FAE04EC0-301F-11D3-BF4B-00C04F79EFBC}") = "Unity.InternalAPIEngineBridge.004", "Unity.InternalAPIEngineBridge.004.csproj", "{0c5c25fc-0685-c0a1-0a86-dfed8195d373}"
EndProject
Project("{FAE04EC0-301F-11D3-BF4B-00C04F79EFBC}") = "Unity.InputSystem.DocCodeSamples", "Unity.InputSystem.DocCodeSamples.csproj", "{16ee7f71-e366-11c8-ece3-14d2c4cf377b}"
EndProject
Project("{FAE04EC0-301F-11D3-BF4B-00C04F79EFBC}") = "Unity.RenderPipelines.Universal.Shaders", "Unity.RenderPipelines.Universal.Shaders.csproj", "{e656a0c4-7065-bcaa-f6ee-daa52a5921ef}"
EndProject
Project("{FAE04EC0-301F-11D3-BF4B-00C04F79EFBC}") = "Unity.InternalAPIEditorBridge.ShaderGraph.Editor", "Unity.InternalAPIEditorBridge.ShaderGraph.Editor.csproj", "{65aa67f7-097c-3512-ff95-106628740770}"
EndProject
Project("{FAE04EC0-301F-11D3-BF4B-00C04F79EFBC}") = "Assembly-CSharp", "Assembly-CSharp.csproj", "{f893df71-bd80-bc0f-b61f-25f3601d16a5}"
EndProject
Project("{FAE04EC0-301F-11D3-BF4B-00C04F79EFBC}") = "Unity.VisualScripting.DocCodeExamples", "Unity.VisualScripting.DocCodeExamples.csproj", "{5102cd9e-b585-ced6-31d6-c19336481236}"
EndProject
Project("{FAE04EC0-301F-11D3-BF4B-00C04F79EFBC}") = "Unity.PlasticSCM.Editor.Entities", "Unity.PlasticSCM.Editor.Entities.csproj", "{e8a9bed9-86d9-ada1-743b-29acfff6a941}"
EndProject
Project("{FAE04EC0-301F-11D3-BF4B-00C04F79EFBC}") = "Unity.Rendering.LightTransport.Editor", "Unity.Rendering.LightTransport.Editor.csproj", "{cac40234-6f39-c5c9-4f5e-f1bde891810c}"
EndProject
Project("{FAE04EC0-301F-11D3-BF4B-00C04F79EFBC}") = "Unity.Collections.Editor", "Unity.Collections.Editor.csproj", "{336d281c-3923-15ee-0524-85ed34817f22}"
EndProject
Project("{FAE04EC0-301F-11D3-BF4B-00C04F79EFBC}") = "Unity.RenderPipelines.Universal.Config.Runtime", "Unity.RenderPipelines.Universal.Config.Runtime.csproj", "{148a01ab-277b-4e06-d168-1d14371f4848}"
EndProject
Project("{FAE04EC0-301F-11D3-BF4B-00C04F79EFBC}") = "Unity.RenderPipelines.ShaderGraph.ShaderGraphLibrary", "Unity.RenderPipelines.ShaderGraph.ShaderGraphLibrary.csproj", "{04178e13-35a2-043b-6b62-1066d2a21831}"
EndProject
Project("{FAE04EC0-301F-11D3-BF4B-00C04F79EFBC}") = "Unity.RenderPipelines.Core.ShaderLibrary", "Unity.RenderPipelines.Core.ShaderLibrary.csproj", "{9aaa9954-9cb8-6ac4-dba0-9917559ad02f}"
EndProject
Project("{FAE04EC0-301F-11D3-BF4B-00C04F79EFBC}") = "Unity.Timeline", "Unity.Timeline.Player.csproj", "{c9f406c5-c404-afd0-ebeb-b7416b4e92e9}"
EndProject
Project("{FAE04EC0-301F-11D3-BF4B-00C04F79EFBC}") = "Unity.RenderPipelines.GPUDriven.Runtime", "Unity.RenderPipelines.GPUDriven.Runtime.Player.csproj", "{cd2d644b-76cc-5eb2-665b-49b64411487f}"
EndProject
Project("{FAE04EC0-301F-11D3-BF4B-00C04F79EFBC}") = "Unity.RenderPipelines.Core.Runtime", "Unity.RenderPipelines.Core.Runtime.Player.csproj", "{569ce2d7-e398-eb51-8fe0-1b3cee97154a}"
EndProject
Project("{FAE04EC0-301F-11D3-BF4B-00C04F79EFBC}") = "Unity.Mathematics", "Unity.Mathematics.Player.csproj", "{7207ce3c-8fe4-4b3b-6f44-79f7ec0c815f}"
EndProject
Project("{FAE04EC0-301F-11D3-BF4B-00C04F79EFBC}") = "Unity.Collections", "Unity.Collections.Player.csproj", "{f651e7d3-123f-4ad3-3896-117db0cf0dee}"
EndProject
Project("{FAE04EC0-301F-11D3-BF4B-00C04F79EFBC}") = "UnityEngine.UI", "UnityEngine.UI.Player.csproj", "{987a1f15-a7a5-6565-8dc4-092d4262743d}"
EndProject
Project("{FAE04EC0-301F-11D3-BF4B-00C04F79EFBC}") = "Unity.RenderPipelines.Universal.2D.Runtime", "Unity.RenderPipelines.Universal.2D.Runtime.Player.csproj", "{8ee2383b-991d-5ac7-6c67-dc807305c9b3}"
EndProject
Project("{FAE04EC0-301F-11D3-BF4B-00C04F79EFBC}") = "UnityEngine.TestRunner", "UnityEngine.TestRunner.Player.csproj", "{8fa825bc-da18-6cbb-7ebc-c152f53332d7}"
EndProject
Project("{FAE04EC0-301F-11D3-BF4B-00C04F79EFBC}") = "Unity.Burst", "Unity.Burst.Player.csproj", "{ed9311eb-02e8-7d9c-d648-37bec2825ba8}"
EndProject
Project("{FAE04EC0-301F-11D3-BF4B-00C04F79EFBC}") = "Unity.InputSystem", "Unity.InputSystem.Player.csproj", "{81206f3c-7181-41cc-68f5-78417b832f8a}"
EndProject
Project("{FAE04EC0-301F-11D3-BF4B-00C04F79EFBC}") = "Unity.VisualScripting.Core", "Unity.VisualScripting.Core.Player.csproj", "{b1e757cf-df21-27dc-af60-3b8b24424e05}"
EndProject
Project("{FAE04EC0-301F-11D3-BF4B-00C04F79EFBC}") = "Unity.RenderPipelines.Universal.Runtime", "Unity.RenderPipelines.Universal.Runtime.Player.csproj", "{d8410dc5-8ef0-fa1d-8f24-99102c87c346}"
EndProject
Project("{FAE04EC0-301F-11D3-BF4B-00C04F79EFBC}") = "Unity.UnifiedRayTracing.Runtime", "Unity.UnifiedRayTracing.Runtime.Player.csproj", "{743a70dc-f659-72b1-af91-5a4c13b782bf}"
EndProject
Project("{FAE04EC0-301F-11D3-BF4B-00C04F79EFBC}") = "Unity.VisualScripting.Flow", "Unity.VisualScripting.Flow.Player.csproj", "{f0ac20b9-b271-5fb2-ced9-eedb27eb0c6f}"
EndProject
Project("{FAE04EC0-301F-11D3-BF4B-00C04F79EFBC}") = "Unity.PerformanceTesting", "Unity.PerformanceTesting.Player.csproj", "{06623a62-99ac-8c62-39de-c4d7206eaac7}"
EndProject
Project("{FAE04EC0-301F-11D3-BF4B-00C04F79EFBC}") = "Unity.TextMeshPro", "Unity.TextMeshPro.Player.csproj", "{e381754b-dcc7-b8b5-8aa8-36d1f38ef91b}"
EndProject
Project("{FAE04EC0-301F-11D3-BF4B-00C04F79EFBC}") = "Unity.VisualScripting.State", "Unity.VisualScripting.State.Player.csproj", "{4fd15468-4523-6b53-1ea1-780f7d138f87}"
EndProject
Project("{FAE04EC0-301F-11D3-BF4B-00C04F79EFBC}") = "Unity.Multiplayer.Center.Common", "Unity.Multiplayer.Center.Common.Player.csproj", "{2b7afdfa-0970-f53b-ec5f-08c4821bf54a}"
EndProject
Project("{FAE04EC0-301F-11D3-BF4B-00C04F79EFBC}") = "Unity.RenderPipelines.Core.Runtime.Shared", "Unity.RenderPipelines.Core.Runtime.Shared.Player.csproj", "{73f1f136-30b2-3a62-e8a0-0df1686c62f3}"
EndProject
Project("{FAE04EC0-301F-11D3-BF4B-00C04F79EFBC}") = "Unity.InputSystem.ForUI", "Unity.InputSystem.ForUI.Player.csproj", "{0f0856df-2f95-d5e2-a8d5-92a192e9bd7a}"
EndProject
Project("{FAE04EC0-301F-11D3-BF4B-00C04F79EFBC}") = "Unity.AI.Navigation", "Unity.AI.Navigation.Player.csproj", "{56b43782-6b20-587b-6157-f5286f0d1153}"
EndProject
Project("{FAE04EC0-301F-11D3-BF4B-00C04F79EFBC}") = "Unity.PathTracing.Runtime", "Unity.PathTracing.Runtime.Player.csproj", "{7ea9e22c-b344-8923-90b3-26af8674eccf}"
EndProject
Project("{FAE04EC0-301F-11D3-BF4B-00C04F79EFBC}") = "Unity.InputSystem.TestFramework", "Unity.InputSystem.TestFramework.Player.csproj", "{56cd948e-6b2d-5ad3-994a-4a6051f912f4}"
EndProject
Project("{FAE04EC0-301F-11D3-BF4B-00C04F79EFBC}") = "Unity.SurfaceCache.Runtime", "Unity.SurfaceCache.Runtime.Player.csproj", "{faa5ba93-cefd-ca94-0fd0-fc95b9df3a5e}"
EndProject
Project("{FAE04EC0-301F-11D3-BF4B-00C04F79EFBC}") = "Unity.InternalAPIEngineBridge.RenderPipelines.Core.Runtime.Shared", "Unity.InternalAPIEngineBridge.RenderPipelines.Core.Runtime.Shared.Player.csproj", "{d6bddad7-1a8c-1184-b5dd-7e72299f420c}"
EndProject
Project("{FAE04EC0-301F-11D3-BF4B-00C04F79EFBC}") = "Unity.RenderPipeline.Universal.ShaderLibrary", "Unity.RenderPipeline.Universal.ShaderLibrary.Player.csproj", "{b3df51f0-6c71-1269-ac19-94220be88fad}"
EndProject
Project("{FAE04EC0-301F-11D3-BF4B-00C04F79EFBC}") = "Unity.InternalAPIEngineBridge.004", "Unity.InternalAPIEngineBridge.004.Player.csproj", "{b865179d-faa5-7afc-76b0-25813e4c6b21}"
EndProject
Project("{FAE04EC0-301F-11D3-BF4B-00C04F79EFBC}") = "Unity.RenderPipelines.Universal.Shaders", "Unity.RenderPipelines.Universal.Shaders.Player.csproj", "{19f54938-55fe-b734-3e8f-9f900a88084d}"
EndProject
Project("{FAE04EC0-301F-11D3-BF4B-00C04F79EFBC}") = "Assembly-CSharp", "Assembly-CSharp.Player.csproj", "{377eb892-279b-388c-42e2-d66533e56697}"
EndProject
Project("{FAE04EC0-301F-11D3-BF4B-00C04F79EFBC}") = "Unity.VisualScripting.DocCodeExamples", "Unity.VisualScripting.DocCodeExamples.Player.csproj", "{486a5a7e-f16d-33f0-04b8-2a1290063ee8}"
EndProject
Project("{FAE04EC0-301F-11D3-BF4B-00C04F79EFBC}") = "Unity.RenderPipelines.Universal.Config.Runtime", "Unity.RenderPipelines.Universal.Config.Runtime.Player.csproj", "{2b66a224-c78f-1cca-834d-b8225611747f}"
EndProject
Project("{FAE04EC0-301F-11D3-BF4B-00C04F79EFBC}") = "Unity.RenderPipelines.ShaderGraph.ShaderGraphLibrary", "Unity.RenderPipelines.ShaderGraph.ShaderGraphLibrary.Player.csproj", "{5eb02636-10c6-e280-6d97-1ee627f58b58}"
EndProject
Project("{FAE04EC0-301F-11D3-BF4B-00C04F79EFBC}") = "Unity.RenderPipelines.Core.ShaderLibrary", "Unity.RenderPipelines.Core.ShaderLibrary.Player.csproj", "{b5a44fce-e1c0-7a30-f5dd-72a0b5984676}"
EndProject
Project("{FAE04EC0-301F-11D3-BF4B-00C04F79EFBC}") = "TestNewCustomAssembly", "TestNewCustomAssembly.csproj", "{51c21fd1-4095-cc79-d098-9daae2d1a829}"
EndProject
Project("{FAE04EC0-301F-11D3-BF4B-00C04F79EFBC}") = "Unity.RenderPipelines.Universal.Editor.Tests", "Unity.RenderPipelines.Universal.Editor.Tests.csproj", "{6a216230-22c5-15aa-48f8-280b17511082}"
EndProject
Project("{FAE04EC0-301F-11D3-BF4B-00C04F79EFBC}") = "Unity.Mathematics.Tests", "Unity.Mathematics.Tests.csproj", "{94d26a2a-ac4b-f68d-a000-1f507e38918e}"
EndProject
Project("{FAE04EC0-301F-11D3-BF4B-00C04F79EFBC}") = "Unity.RenderPipelines.Core.Editor.Tests", "Unity.RenderPipelines.Core.Editor.Tests.csproj", "{aa6ec3a8-53ee-52bf-b8aa-e034a2486e56}"
EndProject
Project("{FAE04EC0-301F-11D3-BF4B-00C04F79EFBC}") = "Unity.Collections.Tests", "Unity.Collections.Tests.csproj", "{518d0bd1-519c-969f-0140-a8179bff19a6}"
EndProject
Project("{FAE04EC0-301F-11D3-BF4B-00C04F79EFBC}") = "Unity.RenderPipelines.Universal.Config.Editor.Tests", "Unity.RenderPipelines.Universal.Config.Editor.Tests.csproj", "{779a1986-bd83-dbe3-597d-c99c3de1c192}"
EndProject
Project("{FAE04EC0-301F-11D3-BF4B-00C04F79EFBC}") = "Unity.Collections.DocCodeSamples", "Unity.Collections.DocCodeSamples.csproj", "{7205de58-3a41-9e81-6582-68b138b8b34d}"
EndProject
Project("{FAE04EC0-301F-11D3-BF4B-00C04F79EFBC}") = "Unity.Searcher.EditorTests", "Unity.Searcher.EditorTests.csproj", "{9d8481b8-4d9a-46ea-dff4-033af4557cd2}"
EndProject
Project("{FAE04EC0-301F-11D3-BF4B-00C04F79EFBC}") = "Unity.Collections.PerformanceTests", "Unity.Collections.PerformanceTests.csproj", "{c80229ec-9d34-8bd6-a6b7-886a0c001d84}"
EndProject
Project("{FAE04EC0-301F-11D3-BF4B-00C04F79EFBC}") = "UnityEditor.UI.Common.Tests", "UnityEditor.UI.Common.Tests.csproj", "{92253c9d-8bc7-2699-7046-8df4163a0287}"
EndProject
Project("{FAE04EC0-301F-11D3-BF4B-00C04F79EFBC}") = "Unity.TextMeshPro.Editor.Tests", "Unity.TextMeshPro.Editor.Tests.csproj", "{e1fde2da-1caa-aeb0-c986-be7774de8099}"
EndProject
Project("{FAE04EC0-301F-11D3-BF4B-00C04F79EFBC}") = "DocCodeExamples", "DocCodeExamples.csproj", "{970c12f4-d9e7-9539-e1b4-0d3764b5c151}"
EndProject
Project("{FAE04EC0-301F-11D3-BF4B-00C04F79EFBC}") = "Unity.Multiplayer.Center.Tests", "Unity.Multiplayer.Center.Tests.csproj", "{84afb3a7-2f32-903b-680f-e1a963fb0bf2}"
EndProject
Project("{FAE04EC0-301F-11D3-BF4B-00C04F79EFBC}") = "Unity.RenderPipelines.Core.Runtime.Tests", "Unity.RenderPipelines.Core.Runtime.Tests.csproj", "{77465df1-c8e6-5f59-0bb4-c3fa42533190}"
EndProject
Project("{FAE04EC0-301F-11D3-BF4B-00C04F79EFBC}") = "Unity.Multiplayer.Center.Editor.Tests", "Unity.Multiplayer.Center.Editor.Tests.csproj", "{9bb91440-8620-4ccc-f8b5-ea33562c2695}"
EndProject
Project("{FAE04EC0-301F-11D3-BF4B-00C04F79EFBC}") = "Unity.PathTracing.Runtime.Tests", "Unity.PathTracing.Runtime.Tests.csproj", "{24301e1d-82a4-abf0-3463-9e1ab8228249}"
EndProject
Project("{FAE04EC0-301F-11D3-BF4B-00C04F79EFBC}") = "UnityEngine.UI.Tests", "UnityEngine.UI.Tests.csproj", "{4ead6214-f5cb-daa4-49e5-79c48c237b3b}"
EndProject
Project("{FAE04EC0-301F-11D3-BF4B-00C04F79EFBC}") = "Unity.InputSystem.IntegrationTests", "Unity.InputSystem.IntegrationTests.csproj", "{262d36c6-bce4-dcf2-6592-d4e808006668}"
EndProject
Project("{FAE04EC0-301F-11D3-BF4B-00C04F79EFBC}") = "Unity.Collections.Tests.Playmode", "Unity.Collections.Tests.Playmode.csproj", "{133ef3f7-edef-f62e-631d-11579f0e27ae}"
EndProject
Project("{FAE04EC0-301F-11D3-BF4B-00C04F79EFBC}") = "Unity.Nuget.Mono-Cecil", "Unity.Nuget.Mono-Cecil.csproj", "{64b5675a-0e40-b042-8002-7685d17eb8bf}"
EndProject
Project("{FAE04EC0-301F-11D3-BF4B-00C04F79EFBC}") = "Unity.TextMeshPro.Tests", "Unity.TextMeshPro.Tests.csproj", "{71994696-2568-1f68-dbc7-2c11a63bd42a}"
EndProject
Project("{FAE04EC0-301F-11D3-BF4B-00C04F79EFBC}") = "Unity.UnifiedRayTracing.Editor.Tests", "Unity.UnifiedRayTracing.Editor.Tests.csproj", "{fbb1c8f1-6c42-033a-8eb4-f257edb8386b}"
EndProject
Project("{FAE04EC0-301F-11D3-BF4B-00C04F79EFBC}") = "UnityEditor.UI.EditorTests", "UnityEditor.UI.EditorTests.csproj", "{b126ebc1-1a8f-b5bc-c07e-e6b9602e9cbc}"
EndProject
Project("{FAE04EC0-301F-11D3-BF4B-00C04F79EFBC}") = "Unity.RenderPipelines.Universal.Runtime.Tests", "Unity.RenderPipelines.Universal.Runtime.Tests.csproj", "{4780900a-8769-e5d9-6b69-b544aea6dbd5}"
EndProject
Project("{FAE04EC0-301F-11D3-BF4B-00C04F79EFBC}") = "Unity.PathTracing.Editor.Tests", "Unity.PathTracing.Editor.Tests.csproj", "{150ff64f-2c93-f8b2-8bdc-8ec70fe86f6c}"
EndProject
Project("{FAE04EC0-301F-11D3-BF4B-00C04F79EFBC}") = "Unity.Collections.BurstCompatibilityGen", "Unity.Collections.BurstCompatibilityGen.csproj", "{f467c8bc-c541-0694-c302-08174a031abd}"
EndProject
Project("{FAE04EC0-301F-11D3-BF4B-00C04F79EFBC}") = "Unity.ShaderGraph.Editor.Tests", "Unity.ShaderGraph.Editor.Tests.csproj", "{ea53f6d6-7c8b-63e7-5b84-a2e3e6369fd5}"
EndProject
Global
	GlobalSection(SolutionConfigurationPlatforms) = preSolution
		Debug|Any CPU = Debug|Any CPU
	EndGlobalSection
	GlobalSection(ProjectConfigurationPlatforms) = postSolution
		{c78f5127-0c3e-4a49-41bc-c3dfc453b5f3}.Debug|Any CPU.ActiveCfg = Debug|Any CPU
		{c78f5127-0c3e-4a49-41bc-c3dfc453b5f3}.Debug|Any CPU.Build.0 = Debug|Any CPU
		{a118710e-756d-abc8-9ca7-11d80ffeb00d}.Debug|Any CPU.ActiveCfg = Debug|Any CPU
		{a118710e-756d-abc8-9ca7-11d80ffeb00d}.Debug|Any CPU.Build.0 = Debug|Any CPU
		{fe03f3d8-395e-e3cd-8270-f4f0ff2c87b9}.Debug|Any CPU.ActiveCfg = Debug|Any CPU
		{fe03f3d8-395e-e3cd-8270-f4f0ff2c87b9}.Debug|Any CPU.Build.0 = Debug|Any CPU
		{38404d18-1385-97fc-63e5-7f1263e2b189}.Debug|Any CPU.ActiveCfg = Debug|Any CPU
		{38404d18-1385-97fc-63e5-7f1263e2b189}.Debug|Any CPU.Build.0 = Debug|Any CPU
		{03a599cc-39a4-6864-5eb8-ed0ca42fe164}.Debug|Any CPU.ActiveCfg = Debug|Any CPU
		{03a599cc-39a4-6864-5eb8-ed0ca42fe164}.Debug|Any CPU.Build.0 = Debug|Any CPU
		{c5aa3543-c4ac-19a6-e71c-857811014c2b}.Debug|Any CPU.ActiveCfg = Debug|Any CPU
		{c5aa3543-c4ac-19a6-e71c-857811014c2b}.Debug|Any CPU.Build.0 = Debug|Any CPU
		{3fe2a9e6-784b-491c-bfa8-a17f821b02ff}.Debug|Any CPU.ActiveCfg = Debug|Any CPU
		{3fe2a9e6-784b-491c-bfa8-a17f821b02ff}.Debug|Any CPU.Build.0 = Debug|Any CPU
		{9d0dd187-3192-e1c0-019e-fddcd5ce074d}.Debug|Any CPU.ActiveCfg = Debug|Any CPU
		{9d0dd187-3192-e1c0-019e-fddcd5ce074d}.Debug|Any CPU.Build.0 = Debug|Any CPU
		{85db0790-5ba5-b526-57cd-4e3bc1a479ca}.Debug|Any CPU.ActiveCfg = Debug|Any CPU
		{85db0790-5ba5-b526-57cd-4e3bc1a479ca}.Debug|Any CPU.Build.0 = Debug|Any CPU
		{dc1c84c4-6f19-a931-1f56-4088b02d7f6b}.Debug|Any CPU.ActiveCfg = Debug|Any CPU
		{dc1c84c4-6f19-a931-1f56-4088b02d7f6b}.Debug|Any CPU.Build.0 = Debug|Any CPU
		{2cfc3833-47cf-d563-35d2-89366a3e39b5}.Debug|Any CPU.ActiveCfg = Debug|Any CPU
		{2cfc3833-47cf-d563-35d2-89366a3e39b5}.Debug|Any CPU.Build.0 = Debug|Any CPU
		{e69a6131-9a78-10a5-78fb-75fdb2944088}.Debug|Any CPU.ActiveCfg = Debug|Any CPU
		{e69a6131-9a78-10a5-78fb-75fdb2944088}.Debug|Any CPU.Build.0 = Debug|Any CPU
		{c96b2074-b02e-7e45-bd95-b5a3d1cf671f}.Debug|Any CPU.ActiveCfg = Debug|Any CPU
		{c96b2074-b02e-7e45-bd95-b5a3d1cf671f}.Debug|Any CPU.Build.0 = Debug|Any CPU
		{e766beee-b430-3f0c-dbd2-6ad65f534a59}.Debug|Any CPU.ActiveCfg = Debug|Any CPU
		{e766beee-b430-3f0c-dbd2-6ad65f534a59}.Debug|Any CPU.Build.0 = Debug|Any CPU
		{d0d8af5f-e243-512b-8ba9-c2903e1622d7}.Debug|Any CPU.ActiveCfg = Debug|Any CPU
		{d0d8af5f-e243-512b-8ba9-c2903e1622d7}.Debug|Any CPU.Build.0 = Debug|Any CPU
		{9d5ac987-b737-2dbe-0ea1-f5eccd756694}.Debug|Any CPU.ActiveCfg = Debug|Any CPU
		{9d5ac987-b737-2dbe-0ea1-f5eccd756694}.Debug|Any CPU.Build.0 = Debug|Any CPU
		{834304fa-31a3-4af5-8408-32bc6e66d0ee}.Debug|Any CPU.ActiveCfg = Debug|Any CPU
		{834304fa-31a3-4af5-8408-32bc6e66d0ee}.Debug|Any CPU.Build.0 = Debug|Any CPU
		{341185b5-4215-0369-189b-7e12840691e6}.Debug|Any CPU.ActiveCfg = Debug|Any CPU
		{341185b5-4215-0369-189b-7e12840691e6}.Debug|Any CPU.Build.0 = Debug|Any CPU
		{8bf9e7bf-ec54-dca4-79b0-bbb46f829b19}.Debug|Any CPU.ActiveCfg = Debug|Any CPU
		{8bf9e7bf-ec54-dca4-79b0-bbb46f829b19}.Debug|Any CPU.Build.0 = Debug|Any CPU
		{ff7620c1-532a-1a9f-5e24-02d94c97c631}.Debug|Any CPU.ActiveCfg = Debug|Any CPU
		{ff7620c1-532a-1a9f-5e24-02d94c97c631}.Debug|Any CPU.Build.0 = Debug|Any CPU
		{d506a641-fe23-0e7b-b04f-269a35d5b664}.Debug|Any CPU.ActiveCfg = Debug|Any CPU
		{d506a641-fe23-0e7b-b04f-269a35d5b664}.Debug|Any CPU.Build.0 = Debug|Any CPU
		{e75f341f-9de9-be75-714f-ec714da4039a}.Debug|Any CPU.ActiveCfg = Debug|Any CPU
		{e75f341f-9de9-be75-714f-ec714da4039a}.Debug|Any CPU.Build.0 = Debug|Any CPU
		{e323aa44-f25e-391d-9c3f-a0acc3f8a326}.Debug|Any CPU.ActiveCfg = Debug|Any CPU
		{e323aa44-f25e-391d-9c3f-a0acc3f8a326}.Debug|Any CPU.Build.0 = Debug|Any CPU
		{42930c4c-cf66-d791-9fd3-1d8b8f34334d}.Debug|Any CPU.ActiveCfg = Debug|Any CPU
		{42930c4c-cf66-d791-9fd3-1d8b8f34334d}.Debug|Any CPU.Build.0 = Debug|Any CPU
		{582f4cd3-7331-d635-6318-ea1a9756edd6}.Debug|Any CPU.ActiveCfg = Debug|Any CPU
		{582f4cd3-7331-d635-6318-ea1a9756edd6}.Debug|Any CPU.Build.0 = Debug|Any CPU
		{d9d277c4-bd4f-3bde-1edb-68c1fb7066d0}.Debug|Any CPU.ActiveCfg = Debug|Any CPU
		{d9d277c4-bd4f-3bde-1edb-68c1fb7066d0}.Debug|Any CPU.Build.0 = Debug|Any CPU
		{21510412-9e32-802e-9c97-ed4a68ed0dc6}.Debug|Any CPU.ActiveCfg = Debug|Any CPU
		{21510412-9e32-802e-9c97-ed4a68ed0dc6}.Debug|Any CPU.Build.0 = Debug|Any CPU
		{38c66d5c-cc70-53a1-f720-b04f0a450064}.Debug|Any CPU.ActiveCfg = Debug|Any CPU
		{38c66d5c-cc70-53a1-f720-b04f0a450064}.Debug|Any CPU.Build.0 = Debug|Any CPU
		{ab8b6e0b-6c8a-2ab1-59b2-a9482b57060c}.Debug|Any CPU.ActiveCfg = Debug|Any CPU
		{ab8b6e0b-6c8a-2ab1-59b2-a9482b57060c}.Debug|Any CPU.Build.0 = Debug|Any CPU
		{85098568-1979-70c2-852c-4b07768c0a08}.Debug|Any CPU.ActiveCfg = Debug|Any CPU
		{85098568-1979-70c2-852c-4b07768c0a08}.Debug|Any CPU.Build.0 = Debug|Any CPU
		{5dc62d91-c3ca-d8bb-f32b-cfc413bf3f82}.Debug|Any CPU.ActiveCfg = Debug|Any CPU
		{5dc62d91-c3ca-d8bb-f32b-cfc413bf3f82}.Debug|Any CPU.Build.0 = Debug|Any CPU
		{749554f7-4968-3f86-e581-673969985e8f}.Debug|Any CPU.ActiveCfg = Debug|Any CPU
		{749554f7-4968-3f86-e581-673969985e8f}.Debug|Any CPU.Build.0 = Debug|Any CPU
		{8336885c-10a3-a78c-9d6c-baef1e392dd3}.Debug|Any CPU.ActiveCfg = Debug|Any CPU
		{8336885c-10a3-a78c-9d6c-baef1e392dd3}.Debug|Any CPU.Build.0 = Debug|Any CPU
		{ff3fa226-1ba9-42b1-4568-11ac31427fbf}.Debug|Any CPU.ActiveCfg = Debug|Any CPU
		{ff3fa226-1ba9-42b1-4568-11ac31427fbf}.Debug|Any CPU.Build.0 = Debug|Any CPU
		{81fe027c-68e7-f2e4-c7dd-bd6cbca82e91}.Debug|Any CPU.ActiveCfg = Debug|Any CPU
		{81fe027c-68e7-f2e4-c7dd-bd6cbca82e91}.Debug|Any CPU.Build.0 = Debug|Any CPU
		{50cdad42-bc59-f9f0-6533-8176ed86b23e}.Debug|Any CPU.ActiveCfg = Debug|Any CPU
		{50cdad42-bc59-f9f0-6533-8176ed86b23e}.Debug|Any CPU.Build.0 = Debug|Any CPU
		{a99db278-3bcd-ab2f-cf3f-2003032e68ca}.Debug|Any CPU.ActiveCfg = Debug|Any CPU
		{a99db278-3bcd-ab2f-cf3f-2003032e68ca}.Debug|Any CPU.Build.0 = Debug|Any CPU
		{740a4716-c79e-5c0c-79b2-8f9fb6b69dc8}.Debug|Any CPU.ActiveCfg = Debug|Any CPU
		{740a4716-c79e-5c0c-79b2-8f9fb6b69dc8}.Debug|Any CPU.Build.0 = Debug|Any CPU
		{9091179a-5d9a-303c-02e3-9fee80ba5d2d}.Debug|Any CPU.ActiveCfg = Debug|Any CPU
		{9091179a-5d9a-303c-02e3-9fee80ba5d2d}.Debug|Any CPU.Build.0 = Debug|Any CPU
		{3b89f6b0-4c2d-9d66-9330-a4abbc77f5b9}.Debug|Any CPU.ActiveCfg = Debug|Any CPU
		{3b89f6b0-4c2d-9d66-9330-a4abbc77f5b9}.Debug|Any CPU.Build.0 = Debug|Any CPU
		{08690f2c-7235-95f5-26ee-641439315b94}.Debug|Any CPU.ActiveCfg = Debug|Any CPU
		{08690f2c-7235-95f5-26ee-641439315b94}.Debug|Any CPU.Build.0 = Debug|Any CPU
		{d3de6efd-367e-3676-7012-4d8109665fd9}.Debug|Any CPU.ActiveCfg = Debug|Any CPU
		{d3de6efd-367e-3676-7012-4d8109665fd9}.Debug|Any CPU.Build.0 = Debug|Any CPU
		{247d7f29-1e03-c658-1156-bcd0defc9cdb}.Debug|Any CPU.ActiveCfg = Debug|Any CPU
		{247d7f29-1e03-c658-1156-bcd0defc9cdb}.Debug|Any CPU.Build.0 = Debug|Any CPU
		{0c0c8121-d48b-04b7-dc4f-948804387c55}.Debug|Any CPU.ActiveCfg = Debug|Any CPU
		{0c0c8121-d48b-04b7-dc4f-948804387c55}.Debug|Any CPU.Build.0 = Debug|Any CPU
		{6babd390-731e-8c6d-2f54-dab8849009ce}.Debug|Any CPU.ActiveCfg = Debug|Any CPU
		{6babd390-731e-8c6d-2f54-dab8849009ce}.Debug|Any CPU.Build.0 = Debug|Any CPU
		{1400ee9b-4888-ca44-88de-f45a7310116a}.Debug|Any CPU.ActiveCfg = Debug|Any CPU
		{1400ee9b-4888-ca44-88de-f45a7310116a}.Debug|Any CPU.Build.0 = Debug|Any CPU
		{6fe4289b-fadc-8942-b1ba-0f45f111cffb}.Debug|Any CPU.ActiveCfg = Debug|Any CPU
		{6fe4289b-fadc-8942-b1ba-0f45f111cffb}.Debug|Any CPU.Build.0 = Debug|Any CPU
		{faee0cf7-f4df-8142-0f97-9c74fb0b8be3}.Debug|Any CPU.ActiveCfg = Debug|Any CPU
		{faee0cf7-f4df-8142-0f97-9c74fb0b8be3}.Debug|Any CPU.Build.0 = Debug|Any CPU
		{85439bbe-4690-9a4c-3473-2d47017c55a1}.Debug|Any CPU.ActiveCfg = Debug|Any CPU
		{85439bbe-4690-9a4c-3473-2d47017c55a1}.Debug|Any CPU.Build.0 = Debug|Any CPU
		{a16535b3-bb29-e6d4-8ef0-c962ad06e00c}.Debug|Any CPU.ActiveCfg = Debug|Any CPU
		{a16535b3-bb29-e6d4-8ef0-c962ad06e00c}.Debug|Any CPU.Build.0 = Debug|Any CPU
		{da4b11ef-2313-e2e7-80c7-63639041f57c}.Debug|Any CPU.ActiveCfg = Debug|Any CPU
		{da4b11ef-2313-e2e7-80c7-63639041f57c}.Debug|Any CPU.Build.0 = Debug|Any CPU
		{e01d2244-fdcf-8f1f-1bcd-d7e65864de8f}.Debug|Any CPU.ActiveCfg = Debug|Any CPU
		{e01d2244-fdcf-8f1f-1bcd-d7e65864de8f}.Debug|Any CPU.Build.0 = Debug|Any CPU
		{9edd9ac8-69ae-11e8-653b-1cdafef79e1a}.Debug|Any CPU.ActiveCfg = Debug|Any CPU
		{9edd9ac8-69ae-11e8-653b-1cdafef79e1a}.Debug|Any CPU.Build.0 = Debug|Any CPU
		{20c0b80e-b3c3-153e-6701-bf1a429e0744}.Debug|Any CPU.ActiveCfg = Debug|Any CPU
		{20c0b80e-b3c3-153e-6701-bf1a429e0744}.Debug|Any CPU.Build.0 = Debug|Any CPU
		{6002b135-c92b-aaf9-f2bf-c08918ad56c6}.Debug|Any CPU.ActiveCfg = Debug|Any CPU
		{6002b135-c92b-aaf9-f2bf-c08918ad56c6}.Debug|Any CPU.Build.0 = Debug|Any CPU
		{d1ac34d2-7e95-8473-e07c-237dabe9e3a0}.Debug|Any CPU.ActiveCfg = Debug|Any CPU
		{d1ac34d2-7e95-8473-e07c-237dabe9e3a0}.Debug|Any CPU.Build.0 = Debug|Any CPU
		{603688cf-60f3-7fba-ec6d-033a2b2ca9d2}.Debug|Any CPU.ActiveCfg = Debug|Any CPU
		{603688cf-60f3-7fba-ec6d-033a2b2ca9d2}.Debug|Any CPU.Build.0 = Debug|Any CPU
		{ffd08f02-3e26-292f-7990-3db73fed8fc2}.Debug|Any CPU.ActiveCfg = Debug|Any CPU
		{ffd08f02-3e26-292f-7990-3db73fed8fc2}.Debug|Any CPU.Build.0 = Debug|Any CPU
		{0c5c25fc-0685-c0a1-0a86-dfed8195d373}.Debug|Any CPU.ActiveCfg = Debug|Any CPU
		{0c5c25fc-0685-c0a1-0a86-dfed8195d373}.Debug|Any CPU.Build.0 = Debug|Any CPU
		{16ee7f71-e366-11c8-ece3-14d2c4cf377b}.Debug|Any CPU.ActiveCfg = Debug|Any CPU
		{16ee7f71-e366-11c8-ece3-14d2c4cf377b}.Debug|Any CPU.Build.0 = Debug|Any CPU
		{e656a0c4-7065-bcaa-f6ee-daa52a5921ef}.Debug|Any CPU.ActiveCfg = Debug|Any CPU
		{e656a0c4-7065-bcaa-f6ee-daa52a5921ef}.Debug|Any CPU.Build.0 = Debug|Any CPU
		{65aa67f7-097c-3512-ff95-106628740770}.Debug|Any CPU.ActiveCfg = Debug|Any CPU
		{65aa67f7-097c-3512-ff95-106628740770}.Debug|Any CPU.Build.0 = Debug|Any CPU
		{f893df71-bd80-bc0f-b61f-25f3601d16a5}.Debug|Any CPU.ActiveCfg = Debug|Any CPU
		{f893df71-bd80-bc0f-b61f-25f3601d16a5}.Debug|Any CPU.Build.0 = Debug|Any CPU
		{5102cd9e-b585-ced6-31d6-c19336481236}.Debug|Any CPU.ActiveCfg = Debug|Any CPU
		{5102cd9e-b585-ced6-31d6-c19336481236}.Debug|Any CPU.Build.0 = Debug|Any CPU
		{e8a9bed9-86d9-ada1-743b-29acfff6a941}.Debug|Any CPU.ActiveCfg = Debug|Any CPU
		{e8a9bed9-86d9-ada1-743b-29acfff6a941}.Debug|Any CPU.Build.0 = Debug|Any CPU
		{cac40234-6f39-c5c9-4f5e-f1bde891810c}.Debug|Any CPU.ActiveCfg = Debug|Any CPU
		{cac40234-6f39-c5c9-4f5e-f1bde891810c}.Debug|Any CPU.Build.0 = Debug|Any CPU
		{336d281c-3923-15ee-0524-85ed34817f22}.Debug|Any CPU.ActiveCfg = Debug|Any CPU
		{336d281c-3923-15ee-0524-85ed34817f22}.Debug|Any CPU.Build.0 = Debug|Any CPU
		{148a01ab-277b-4e06-d168-1d14371f4848}.Debug|Any CPU.ActiveCfg = Debug|Any CPU
		{148a01ab-277b-4e06-d168-1d14371f4848}.Debug|Any CPU.Build.0 = Debug|Any CPU
		{04178e13-35a2-043b-6b62-1066d2a21831}.Debug|Any CPU.ActiveCfg = Debug|Any CPU
		{04178e13-35a2-043b-6b62-1066d2a21831}.Debug|Any CPU.Build.0 = Debug|Any CPU
		{9aaa9954-9cb8-6ac4-dba0-9917559ad02f}.Debug|Any CPU.ActiveCfg = Debug|Any CPU
		{9aaa9954-9cb8-6ac4-dba0-9917559ad02f}.Debug|Any CPU.Build.0 = Debug|Any CPU
		{c9f406c5-c404-afd0-ebeb-b7416b4e92e9}.Debug|Any CPU.ActiveCfg = Debug|Any CPU
		{c9f406c5-c404-afd0-ebeb-b7416b4e92e9}.Debug|Any CPU.Build.0 = Debug|Any CPU
		{cd2d644b-76cc-5eb2-665b-49b64411487f}.Debug|Any CPU.ActiveCfg = Debug|Any CPU
		{cd2d644b-76cc-5eb2-665b-49b64411487f}.Debug|Any CPU.Build.0 = Debug|Any CPU
		{569ce2d7-e398-eb51-8fe0-1b3cee97154a}.Debug|Any CPU.ActiveCfg = Debug|Any CPU
		{569ce2d7-e398-eb51-8fe0-1b3cee97154a}.Debug|Any CPU.Build.0 = Debug|Any CPU
		{7207ce3c-8fe4-4b3b-6f44-79f7ec0c815f}.Debug|Any CPU.ActiveCfg = Debug|Any CPU
		{7207ce3c-8fe4-4b3b-6f44-79f7ec0c815f}.Debug|Any CPU.Build.0 = Debug|Any CPU
		{f651e7d3-123f-4ad3-3896-117db0cf0dee}.Debug|Any CPU.ActiveCfg = Debug|Any CPU
		{f651e7d3-123f-4ad3-3896-117db0cf0dee}.Debug|Any CPU.Build.0 = Debug|Any CPU
		{987a1f15-a7a5-6565-8dc4-092d4262743d}.Debug|Any CPU.ActiveCfg = Debug|Any CPU
		{987a1f15-a7a5-6565-8dc4-092d4262743d}.Debug|Any CPU.Build.0 = Debug|Any CPU
		{8ee2383b-991d-5ac7-6c67-dc807305c9b3}.Debug|Any CPU.ActiveCfg = Debug|Any CPU
		{8ee2383b-991d-5ac7-6c67-dc807305c9b3}.Debug|Any CPU.Build.0 = Debug|Any CPU
		{8fa825bc-da18-6cbb-7ebc-c152f53332d7}.Debug|Any CPU.ActiveCfg = Debug|Any CPU
		{8fa825bc-da18-6cbb-7ebc-c152f53332d7}.Debug|Any CPU.Build.0 = Debug|Any CPU
		{ed9311eb-02e8-7d9c-d648-37bec2825ba8}.Debug|Any CPU.ActiveCfg = Debug|Any CPU
		{ed9311eb-02e8-7d9c-d648-37bec2825ba8}.Debug|Any CPU.Build.0 = Debug|Any CPU
		{81206f3c-7181-41cc-68f5-78417b832f8a}.Debug|Any CPU.ActiveCfg = Debug|Any CPU
		{81206f3c-7181-41cc-68f5-78417b832f8a}.Debug|Any CPU.Build.0 = Debug|Any CPU
		{b1e757cf-df21-27dc-af60-3b8b24424e05}.Debug|Any CPU.ActiveCfg = Debug|Any CPU
		{b1e757cf-df21-27dc-af60-3b8b24424e05}.Debug|Any CPU.Build.0 = Debug|Any CPU
		{d8410dc5-8ef0-fa1d-8f24-99102c87c346}.Debug|Any CPU.ActiveCfg = Debug|Any CPU
		{d8410dc5-8ef0-fa1d-8f24-99102c87c346}.Debug|Any CPU.Build.0 = Debug|Any CPU
		{743a70dc-f659-72b1-af91-5a4c13b782bf}.Debug|Any CPU.ActiveCfg = Debug|Any CPU
		{743a70dc-f659-72b1-af91-5a4c13b782bf}.Debug|Any CPU.Build.0 = Debug|Any CPU
		{f0ac20b9-b271-5fb2-ced9-eedb27eb0c6f}.Debug|Any CPU.ActiveCfg = Debug|Any CPU
		{f0ac20b9-b271-5fb2-ced9-eedb27eb0c6f}.Debug|Any CPU.Build.0 = Debug|Any CPU
		{06623a62-99ac-8c62-39de-c4d7206eaac7}.Debug|Any CPU.ActiveCfg = Debug|Any CPU
		{06623a62-99ac-8c62-39de-c4d7206eaac7}.Debug|Any CPU.Build.0 = Debug|Any CPU
		{e381754b-dcc7-b8b5-8aa8-36d1f38ef91b}.Debug|Any CPU.ActiveCfg = Debug|Any CPU
		{e381754b-dcc7-b8b5-8aa8-36d1f38ef91b}.Debug|Any CPU.Build.0 = Debug|Any CPU
		{4fd15468-4523-6b53-1ea1-780f7d138f87}.Debug|Any CPU.ActiveCfg = Debug|Any CPU
		{4fd15468-4523-6b53-1ea1-780f7d138f87}.Debug|Any CPU.Build.0 = Debug|Any CPU
		{2b7afdfa-0970-f53b-ec5f-08c4821bf54a}.Debug|Any CPU.ActiveCfg = Debug|Any CPU
		{2b7afdfa-0970-f53b-ec5f-08c4821bf54a}.Debug|Any CPU.Build.0 = Debug|Any CPU
		{73f1f136-30b2-3a62-e8a0-0df1686c62f3}.Debug|Any CPU.ActiveCfg = Debug|Any CPU
		{73f1f136-30b2-3a62-e8a0-0df1686c62f3}.Debug|Any CPU.Build.0 = Debug|Any CPU
		{0f0856df-2f95-d5e2-a8d5-92a192e9bd7a}.Debug|Any CPU.ActiveCfg = Debug|Any CPU
		{0f0856df-2f95-d5e2-a8d5-92a192e9bd7a}.Debug|Any CPU.Build.0 = Debug|Any CPU
		{56b43782-6b20-587b-6157-f5286f0d1153}.Debug|Any CPU.ActiveCfg = Debug|Any CPU
		{56b43782-6b20-587b-6157-f5286f0d1153}.Debug|Any CPU.Build.0 = Debug|Any CPU
		{7ea9e22c-b344-8923-90b3-26af8674eccf}.Debug|Any CPU.ActiveCfg = Debug|Any CPU
		{7ea9e22c-b344-8923-90b3-26af8674eccf}.Debug|Any CPU.Build.0 = Debug|Any CPU
		{56cd948e-6b2d-5ad3-994a-4a6051f912f4}.Debug|Any CPU.ActiveCfg = Debug|Any CPU
		{56cd948e-6b2d-5ad3-994a-4a6051f912f4}.Debug|Any CPU.Build.0 = Debug|Any CPU
		{faa5ba93-cefd-ca94-0fd0-fc95b9df3a5e}.Debug|Any CPU.ActiveCfg = Debug|Any CPU
		{faa5ba93-cefd-ca94-0fd0-fc95b9df3a5e}.Debug|Any CPU.Build.0 = Debug|Any CPU
		{d6bddad7-1a8c-1184-b5dd-7e72299f420c}.Debug|Any CPU.ActiveCfg = Debug|Any CPU
		{d6bddad7-1a8c-1184-b5dd-7e72299f420c}.Debug|Any CPU.Build.0 = Debug|Any CPU
		{b3df51f0-6c71-1269-ac19-94220be88fad}.Debug|Any CPU.ActiveCfg = Debug|Any CPU
		{b3df51f0-6c71-1269-ac19-94220be88fad}.Debug|Any CPU.Build.0 = Debug|Any CPU
		{b865179d-faa5-7afc-76b0-25813e4c6b21}.Debug|Any CPU.ActiveCfg = Debug|Any CPU
		{b865179d-faa5-7afc-76b0-25813e4c6b21}.Debug|Any CPU.Build.0 = Debug|Any CPU
		{19f54938-55fe-b734-3e8f-9f900a88084d}.Debug|Any CPU.ActiveCfg = Debug|Any CPU
		{19f54938-55fe-b734-3e8f-9f900a88084d}.Debug|Any CPU.Build.0 = Debug|Any CPU
		{377eb892-279b-388c-42e2-d66533e56697}.Debug|Any CPU.ActiveCfg = Debug|Any CPU
		{377eb892-279b-388c-42e2-d66533e56697}.Debug|Any CPU.Build.0 = Debug|Any CPU
		{486a5a7e-f16d-33f0-04b8-2a1290063ee8}.Debug|Any CPU.ActiveCfg = Debug|Any CPU
		{486a5a7e-f16d-33f0-04b8-2a1290063ee8}.Debug|Any CPU.Build.0 = Debug|Any CPU
		{2b66a224-c78f-1cca-834d-b8225611747f}.Debug|Any CPU.ActiveCfg = Debug|Any CPU
		{2b66a224-c78f-1cca-834d-b8225611747f}.Debug|Any CPU.Build.0 = Debug|Any CPU
		{5eb02636-10c6-e280-6d97-1ee627f58b58}.Debug|Any CPU.ActiveCfg = Debug|Any CPU
		{5eb02636-10c6-e280-6d97-1ee627f58b58}.Debug|Any CPU.Build.0 = Debug|Any CPU
		{b5a44fce-e1c0-7a30-f5dd-72a0b5984676}.Debug|Any CPU.ActiveCfg = Debug|Any CPU
		{b5a44fce-e1c0-7a30-f5dd-72a0b5984676}.Debug|Any CPU.Build.0 = Debug|Any CPU
		{51c21fd1-4095-cc79-d098-9daae2d1a829}.Debug|Any CPU.ActiveCfg = Debug|Any CPU
		{51c21fd1-4095-cc79-d098-9daae2d1a829}.Debug|Any CPU.Build.0 = Debug|Any CPU
		{6a216230-22c5-15aa-48f8-280b17511082}.Debug|Any CPU.ActiveCfg = Debug|Any CPU
		{6a216230-22c5-15aa-48f8-280b17511082}.Debug|Any CPU.Build.0 = Debug|Any CPU
		{94d26a2a-ac4b-f68d-a000-1f507e38918e}.Debug|Any CPU.ActiveCfg = Debug|Any CPU
		{94d26a2a-ac4b-f68d-a000-1f507e38918e}.Debug|Any CPU.Build.0 = Debug|Any CPU
		{aa6ec3a8-53ee-52bf-b8aa-e034a2486e56}.Debug|Any CPU.ActiveCfg = Debug|Any CPU
		{aa6ec3a8-53ee-52bf-b8aa-e034a2486e56}.Debug|Any CPU.Build.0 = Debug|Any CPU
		{518d0bd1-519c-969f-0140-a8179bff19a6}.Debug|Any CPU.ActiveCfg = Debug|Any CPU
		{518d0bd1-519c-969f-0140-a8179bff19a6}.Debug|Any CPU.Build.0 = Debug|Any CPU
		{779a1986-bd83-dbe3-597d-c99c3de1c192}.Debug|Any CPU.ActiveCfg = Debug|Any CPU
		{779a1986-bd83-dbe3-597d-c99c3de1c192}.Debug|Any CPU.Build.0 = Debug|Any CPU
		{7205de58-3a41-9e81-6582-68b138b8b34d}.Debug|Any CPU.ActiveCfg = Debug|Any CPU
		{7205de58-3a41-9e81-6582-68b138b8b34d}.Debug|Any CPU.Build.0 = Debug|Any CPU
		{9d8481b8-4d9a-46ea-dff4-033af4557cd2}.Debug|Any CPU.ActiveCfg = Debug|Any CPU
		{9d8481b8-4d9a-46ea-dff4-033af4557cd2}.Debug|Any CPU.Build.0 = Debug|Any CPU
		{c80229ec-9d34-8bd6-a6b7-886a0c001d84}.Debug|Any CPU.ActiveCfg = Debug|Any CPU
		{c80229ec-9d34-8bd6-a6b7-886a0c001d84}.Debug|Any CPU.Build.0 = Debug|Any CPU
		{92253c9d-8bc7-2699-7046-8df4163a0287}.Debug|Any CPU.ActiveCfg = Debug|Any CPU
		{92253c9d-8bc7-2699-7046-8df4163a0287}.Debug|Any CPU.Build.0 = Debug|Any CPU
		{e1fde2da-1caa-aeb0-c986-be7774de8099}.Debug|Any CPU.ActiveCfg = Debug|Any CPU
		{e1fde2da-1caa-aeb0-c986-be7774de8099}.Debug|Any CPU.Build.0 = Debug|Any CPU
		{970c12f4-d9e7-9539-e1b4-0d3764b5c151}.Debug|Any CPU.ActiveCfg = Debug|Any CPU
		{970c12f4-d9e7-9539-e1b4-0d3764b5c151}.Debug|Any CPU.Build.0 = Debug|Any CPU
		{84afb3a7-2f32-903b-680f-e1a963fb0bf2}.Debug|Any CPU.ActiveCfg = Debug|Any CPU
		{84afb3a7-2f32-903b-680f-e1a963fb0bf2}.Debug|Any CPU.Build.0 = Debug|Any CPU
		{77465df1-c8e6-5f59-0bb4-c3fa42533190}.Debug|Any CPU.ActiveCfg = Debug|Any CPU
		{77465df1-c8e6-5f59-0bb4-c3fa42533190}.Debug|Any CPU.Build.0 = Debug|Any CPU
		{9bb91440-8620-4ccc-f8b5-ea33562c2695}.Debug|Any CPU.ActiveCfg = Debug|Any CPU
		{9bb91440-8620-4ccc-f8b5-ea33562c2695}.Debug|Any CPU.Build.0 = Debug|Any CPU
		{24301e1d-82a4-abf0-3463-9e1ab8228249}.Debug|Any CPU.ActiveCfg = Debug|Any CPU
		{24301e1d-82a4-abf0-3463-9e1ab8228249}.Debug|Any CPU.Build.0 = Debug|Any CPU
		{4ead6214-f5cb-daa4-49e5-79c48c237b3b}.Debug|Any CPU.ActiveCfg = Debug|Any CPU
		{4ead6214-f5cb-daa4-49e5-79c48c237b3b}.Debug|Any CPU.Build.0 = Debug|Any CPU
		{262d36c6-bce4-dcf2-6592-d4e808006668}.Debug|Any CPU.ActiveCfg = Debug|Any CPU
		{262d36c6-bce4-dcf2-6592-d4e808006668}.Debug|Any CPU.Build.0 = Debug|Any CPU
		{133ef3f7-edef-f62e-631d-11579f0e27ae}.Debug|Any CPU.ActiveCfg = Debug|Any CPU
		{133ef3f7-edef-f62e-631d-11579f0e27ae}.Debug|Any CPU.Build.0 = Debug|Any CPU
		{64b5675a-0e40-b042-8002-7685d17eb8bf}.Debug|Any CPU.ActiveCfg = Debug|Any CPU
		{64b5675a-0e40-b042-8002-7685d17eb8bf}.Debug|Any CPU.Build.0 = Debug|Any CPU
		{71994696-2568-1f68-dbc7-2c11a63bd42a}.Debug|Any CPU.ActiveCfg = Debug|Any CPU
		{71994696-2568-1f68-dbc7-2c11a63bd42a}.Debug|Any CPU.Build.0 = Debug|Any CPU
		{fbb1c8f1-6c42-033a-8eb4-f257edb8386b}.Debug|Any CPU.ActiveCfg = Debug|Any CPU
		{fbb1c8f1-6c42-033a-8eb4-f257edb8386b}.Debug|Any CPU.Build.0 = Debug|Any CPU
		{b126ebc1-1a8f-b5bc-c07e-e6b9602e9cbc}.Debug|Any CPU.ActiveCfg = Debug|Any CPU
		{b126ebc1-1a8f-b5bc-c07e-e6b9602e9cbc}.Debug|Any CPU.Build.0 = Debug|Any CPU
		{4780900a-8769-e5d9-6b69-b544aea6dbd5}.Debug|Any CPU.ActiveCfg = Debug|Any CPU
		{4780900a-8769-e5d9-6b69-b544aea6dbd5}.Debug|Any CPU.Build.0 = Debug|Any CPU
		{150ff64f-2c93-f8b2-8bdc-8ec70fe86f6c}.Debug|Any CPU.ActiveCfg = Debug|Any CPU
		{150ff64f-2c93-f8b2-8bdc-8ec70fe86f6c}.Debug|Any CPU.Build.0 = Debug|Any CPU
		{f467c8bc-c541-0694-c302-08174a031abd}.Debug|Any CPU.ActiveCfg = Debug|Any CPU
		{f467c8bc-c541-0694-c302-08174a031abd}.Debug|Any CPU.Build.0 = Debug|Any CPU
		{ea53f6d6-7c8b-63e7-5b84-a2e3e6369fd5}.Debug|Any CPU.ActiveCfg = Debug|Any CPU
		{ea53f6d6-7c8b-63e7-5b84-a2e3e6369fd5}.Debug|Any CPU.Build.0 = Debug|Any CPU
	EndGlobalSection
	GlobalSection(SolutionProperties) = preSolution
		HideSolutionNode = FALSE
	EndGlobalSection
EndGlobal
